schema: '2.0'
stages:
  load_data:
    cmd: python src/load_data.py --config=params.yaml
    deps:
    - path: data_given/winequality.csv
      md5: 6a883fd98624e18c0b7ce251f4fab4fb
      size: 100951
    - path: src/get_data.py
      md5: 6cec222b00e285840bc6b07603ca5705
      size: 648
    - path: src/load_data.py
      md5: 478f5e34bef160b05264003d7899ed65
      size: 705
    outs:
    - path: data/raw/winequality.csv
      md5: b81c95040ccc1f04820095a237ba3c61
      size: 95085
  split_data:
    cmd: python src/split_data.py --config=params.yaml
    deps:
    - path: data/raw/winequality.csv
      md5: b81c95040ccc1f04820095a237ba3c61
      size: 95085
    - path: src/split_data.py
      md5: 6f01d07851d8a2744794c1e41c24c448
      size: 1127
    outs:
    - path: data/processed/test_winequality.csv
      md5: 420389d6fcceeb7da1311c6b14af875f
      size: 19157
    - path: data/processed/train_winequality.csv
      md5: eb194c439f11a763691ae2f66e305d74
      size: 76075
  train_and_evaluate:
    cmd: python src/train_and_evaluate.py --config=params.yaml
    deps:
    - path: data/processed/test_winequality.csv
      md5: 420389d6fcceeb7da1311c6b14af875f
      size: 19157
    - path: data/processed/train_winequality.csv
      md5: eb194c439f11a763691ae2f66e305d74
      size: 76075
    - path: src/train_and_evaluate.py
      md5: 789364dc9633c9fb3513705add6126e4
      size: 2629
    params:
      params.yaml:
        estimators.ElasticNet.params.alpha: 0.88
        estimators.ElasticNet.params.l1_ratio: 0.89
    outs:
    - path: report/params.json
      md5: 0568f34313ba7c5e55128b75dbcbee5c
      size: 46
    - path: report/scores.json
      md5: ac89e037063ee307b6d23c8ef0583610
      size: 100
    - path: saved_models/model.joblib
      md5: 00ed53db4e790ca27a475af53f04eba1
      size: 818
