schema: '2.0'
stages:
  load_data:
    cmd: python src/load_data.py --config=params.yaml
    deps:
    - path: data_given/winequality.csv
      md5: 6a883fd98624e18c0b7ce251f4fab4fb
      size: 100951
    - path: src/get_data.py
      md5: 6cec222b00e285840bc6b07603ca5705
      size: 648
    - path: src/load_data.py
      md5: 478f5e34bef160b05264003d7899ed65
      size: 705
    outs:
    - path: data/raw/winequality.csv
      md5: b81c95040ccc1f04820095a237ba3c61
      size: 95085
